// !$*UTF8*$!
{
	archiveVersion = 1;
	classes = {
	};
	objectVersion = 50;
	objects = {

/* Begin PBXBuildFile section */
		2B1D4C1821D890BC009F1E53 /* Pods_SeePal.framework in Frameworks */ = {isa = PBXBuildFile; fileRef = 2B1D4C1721D890BC009F1E53 /* Pods_SeePal.framework */; };
		2B5BC80521CB8245007C34DF /* AppDelegate.swift in Sources */ = {isa = PBXBuildFile; fileRef = 2B5BC80421CB8245007C34DF /* AppDelegate.swift */; };
		2B5BC80721CB8245007C34DF /* DocumentBrowserViewController.swift in Sources */ = {isa = PBXBuildFile; fileRef = 2B5BC80621CB8245007C34DF /* DocumentBrowserViewController.swift */; };
		2B5BC80921CB8245007C34DF /* DocumentViewController.swift in Sources */ = {isa = PBXBuildFile; fileRef = 2B5BC80821CB8245007C34DF /* DocumentViewController.swift */; };
		2B5BC80E21CB8245007C34DF /* Main.storyboard in Resources */ = {isa = PBXBuildFile; fileRef = 2B5BC80C21CB8245007C34DF /* Main.storyboard */; };
		2B5BC81021CB8246007C34DF /* Assets.xcassets in Resources */ = {isa = PBXBuildFile; fileRef = 2B5BC80F21CB8246007C34DF /* Assets.xcassets */; };
		2B5BC81321CB8246007C34DF /* LaunchScreen.storyboard in Resources */ = {isa = PBXBuildFile; fileRef = 2B5BC81121CB8246007C34DF /* LaunchScreen.storyboard */; };
		2B5BC81E21CB8246007C34DF /* SeePalTests.swift in Sources */ = {isa = PBXBuildFile; fileRef = 2B5BC81D21CB8246007C34DF /* SeePalTests.swift */; };
		2B5BC82921CB8246007C34DF /* SeePalUITests.swift in Sources */ = {isa = PBXBuildFile; fileRef = 2B5BC82821CB8246007C34DF /* SeePalUITests.swift */; };
		2B5BC83F21CCA94D007C34DF /* DocumentFactory.swift in Sources */ = {isa = PBXBuildFile; fileRef = 2B5BC83E21CCA94D007C34DF /* DocumentFactory.swift */; };
		2B98965721E9E6EE0051C2DD /* CompressedDocument.swift in Sources */ = {isa = PBXBuildFile; fileRef = 2B98965621E9E6EE0051C2DD /* CompressedDocument.swift */; };
		2B98965821E9E8520051C2DD /* Document.swift in Sources */ = {isa = PBXBuildFile; fileRef = 2B5BC80A21CB8245007C34DF /* Document.swift */; };
		2B98965C21E9F1140051C2DD /* Page.swift in Sources */ = {isa = PBXBuildFile; fileRef = 2B98965B21E9F1140051C2DD /* Page.swift */; };
		2B98965F21EA14870051C2DD /* DocumentView.swift in Sources */ = {isa = PBXBuildFile; fileRef = 2B98965E21EA14870051C2DD /* DocumentView.swift */; };
		2B98966121EA1BC90051C2DD /* PageView.swift in Sources */ = {isa = PBXBuildFile; fileRef = 2B98966021EA1BC90051C2DD /* PageView.swift */; };
		2B98966321EA2CBF0051C2DD /* PageData.swift in Sources */ = {isa = PBXBuildFile; fileRef = 2B98966221EA2CBF0051C2DD /* PageData.swift */; };
		2B98966621EB42110051C2DD /* Utils.swift in Sources */ = {isa = PBXBuildFile; fileRef = 2B98966521EB42110051C2DD /* Utils.swift */; };
/* End PBXBuildFile section */

/* Begin PBXContainerItemProxy section */
		2B5BC81A21CB8246007C34DF /* PBXContainerItemProxy */ = {
			isa = PBXContainerItemProxy;
			containerPortal = 2B5BC7F921CB8245007C34DF /* Project object */;
			proxyType = 1;
			remoteGlobalIDString = 2B5BC80021CB8245007C34DF;
			remoteInfo = SeePal;
		};
		2B5BC82521CB8246007C34DF /* PBXContainerItemProxy */ = {
			isa = PBXContainerItemProxy;
			containerPortal = 2B5BC7F921CB8245007C34DF /* Project object */;
			proxyType = 1;
			remoteGlobalIDString = 2B5BC80021CB8245007C34DF;
			remoteInfo = SeePal;
		};
/* End PBXContainerItemProxy section */

/* Begin PBXFileReference section */
		2B1D4C1721D890BC009F1E53 /* Pods_SeePal.framework */ = {isa = PBXFileReference; explicitFileType = wrapper.framework; path = Pods_SeePal.framework; sourceTree = BUILT_PRODUCTS_DIR; };
		2B1D4C1921D892AB009F1E53 /* Podfile */ = {isa = PBXFileReference; lastKnownFileType = text; path = Podfile; sourceTree = "<group>"; xcLanguageSpecificationIdentifier = xcode.lang.ruby; };
		2B5BC80121CB8245007C34DF /* SeePal.app */ = {isa = PBXFileReference; explicitFileType = wrapper.application; includeInIndex = 0; path = SeePal.app; sourceTree = BUILT_PRODUCTS_DIR; };
		2B5BC80421CB8245007C34DF /* AppDelegate.swift */ = {isa = PBXFileReference; lastKnownFileType = sourcecode.swift; path = AppDelegate.swift; sourceTree = "<group>"; };
		2B5BC80621CB8245007C34DF /* DocumentBrowserViewController.swift */ = {isa = PBXFileReference; lastKnownFileType = sourcecode.swift; path = DocumentBrowserViewController.swift; sourceTree = "<group>"; };
		2B5BC80821CB8245007C34DF /* DocumentViewController.swift */ = {isa = PBXFileReference; lastKnownFileType = sourcecode.swift; path = DocumentViewController.swift; sourceTree = "<group>"; };
		2B5BC80A21CB8245007C34DF /* Document.swift */ = {isa = PBXFileReference; lastKnownFileType = sourcecode.swift; path = Document.swift; sourceTree = "<group>"; };
		2B5BC80D21CB8245007C34DF /* Base */ = {isa = PBXFileReference; lastKnownFileType = file.storyboard; name = Base; path = Base.lproj/Main.storyboard; sourceTree = "<group>"; };
		2B5BC80F21CB8246007C34DF /* Assets.xcassets */ = {isa = PBXFileReference; lastKnownFileType = folder.assetcatalog; path = Assets.xcassets; sourceTree = "<group>"; };
		2B5BC81221CB8246007C34DF /* Base */ = {isa = PBXFileReference; lastKnownFileType = file.storyboard; name = Base; path = Base.lproj/LaunchScreen.storyboard; sourceTree = "<group>"; };
		2B5BC81421CB8246007C34DF /* Info.plist */ = {isa = PBXFileReference; lastKnownFileType = text.plist.xml; path = Info.plist; sourceTree = "<group>"; };
		2B5BC81921CB8246007C34DF /* SeePalTests.xctest */ = {isa = PBXFileReference; explicitFileType = wrapper.cfbundle; includeInIndex = 0; path = SeePalTests.xctest; sourceTree = BUILT_PRODUCTS_DIR; };
		2B5BC81D21CB8246007C34DF /* SeePalTests.swift */ = {isa = PBXFileReference; lastKnownFileType = sourcecode.swift; path = SeePalTests.swift; sourceTree = "<group>"; };
		2B5BC81F21CB8246007C34DF /* Info.plist */ = {isa = PBXFileReference; lastKnownFileType = text.plist.xml; path = Info.plist; sourceTree = "<group>"; };
		2B5BC82421CB8246007C34DF /* SeePalUITests.xctest */ = {isa = PBXFileReference; explicitFileType = wrapper.cfbundle; includeInIndex = 0; path = SeePalUITests.xctest; sourceTree = BUILT_PRODUCTS_DIR; };
		2B5BC82821CB8246007C34DF /* SeePalUITests.swift */ = {isa = PBXFileReference; lastKnownFileType = sourcecode.swift; path = SeePalUITests.swift; sourceTree = "<group>"; };
		2B5BC82A21CB8246007C34DF /* Info.plist */ = {isa = PBXFileReference; lastKnownFileType = text.plist.xml; path = Info.plist; sourceTree = "<group>"; };
		2B5BC83E21CCA94D007C34DF /* DocumentFactory.swift */ = {isa = PBXFileReference; fileEncoding = 4; lastKnownFileType = sourcecode.swift; path = DocumentFactory.swift; sourceTree = "<group>"; };
		2B98965621E9E6EE0051C2DD /* CompressedDocument.swift */ = {isa = PBXFileReference; lastKnownFileType = sourcecode.swift; path = CompressedDocument.swift; sourceTree = "<group>"; };
		2B98965B21E9F1140051C2DD /* Page.swift */ = {isa = PBXFileReference; lastKnownFileType = sourcecode.swift; path = Page.swift; sourceTree = "<group>"; };
		2B98965E21EA14870051C2DD /* DocumentView.swift */ = {isa = PBXFileReference; lastKnownFileType = sourcecode.swift; path = DocumentView.swift; sourceTree = "<group>"; };
		2B98966021EA1BC90051C2DD /* PageView.swift */ = {isa = PBXFileReference; lastKnownFileType = sourcecode.swift; path = PageView.swift; sourceTree = "<group>"; };
		2B98966221EA2CBF0051C2DD /* PageData.swift */ = {isa = PBXFileReference; lastKnownFileType = sourcecode.swift; path = PageData.swift; sourceTree = "<group>"; };
		2B98966521EB42110051C2DD /* Utils.swift */ = {isa = PBXFileReference; lastKnownFileType = sourcecode.swift; path = Utils.swift; sourceTree = "<group>"; };
		8E941D7B0C2EA41A3F85BC9C /* Pods-SeePal.debug.xcconfig */ = {isa = PBXFileReference; includeInIndex = 1; lastKnownFileType = text.xcconfig; name = "Pods-SeePal.debug.xcconfig"; path = "Pods/Target Support Files/Pods-SeePal/Pods-SeePal.debug.xcconfig"; sourceTree = "<group>"; };
		B6DC151563F1F8A1C1310B62 /* Pods-SeePal.release.xcconfig */ = {isa = PBXFileReference; includeInIndex = 1; lastKnownFileType = text.xcconfig; name = "Pods-SeePal.release.xcconfig"; path = "Pods/Target Support Files/Pods-SeePal/Pods-SeePal.release.xcconfig"; sourceTree = "<group>"; };
/* End PBXFileReference section */

/* Begin PBXFrameworksBuildPhase section */
		2B5BC7FE21CB8245007C34DF /* Frameworks */ = {
			isa = PBXFrameworksBuildPhase;
			buildActionMask = 2147483647;
			files = (
				2B1D4C1821D890BC009F1E53 /* Pods_SeePal.framework in Frameworks */,
			);
			runOnlyForDeploymentPostprocessing = 0;
		};
		2B5BC81621CB8246007C34DF /* Frameworks */ = {
			isa = PBXFrameworksBuildPhase;
			buildActionMask = 2147483647;
			files = (
			);
			runOnlyForDeploymentPostprocessing = 0;
		};
		2B5BC82121CB8246007C34DF /* Frameworks */ = {
			isa = PBXFrameworksBuildPhase;
			buildActionMask = 2147483647;
			files = (
			);
			runOnlyForDeploymentPostprocessing = 0;
		};
/* End PBXFrameworksBuildPhase section */

/* Begin PBXGroup section */
		2B1D4C1A21D89348009F1E53 /* Coordinators */ = {
			isa = PBXGroup;
			children = (
			);
			path = Coordinators;
			sourceTree = "<group>";
		};
		2B5BC7F821CB8245007C34DF = {
			isa = PBXGroup;
			children = (
				2B1D4C1921D892AB009F1E53 /* Podfile */,
				2B5BC80321CB8245007C34DF /* SeePal */,
				2B5BC81C21CB8246007C34DF /* SeePalTests */,
				2B5BC82721CB8246007C34DF /* SeePalUITests */,
				2B5BC80221CB8245007C34DF /* Products */,
				E10172AECC1D797BCF9F0125 /* Pods */,
				849269CEFFFBD7A8410E37CB /* Frameworks */,
			);
			sourceTree = "<group>";
		};
		2B5BC80221CB8245007C34DF /* Products */ = {
			isa = PBXGroup;
			children = (
				2B5BC80121CB8245007C34DF /* SeePal.app */,
				2B5BC81921CB8246007C34DF /* SeePalTests.xctest */,
				2B5BC82421CB8246007C34DF /* SeePalUITests.xctest */,
			);
			name = Products;
			sourceTree = "<group>";
		};
		2B5BC80321CB8245007C34DF /* SeePal */ = {
			isa = PBXGroup;
			children = (
				2B98966421EB42030051C2DD /* Utils */,
				2B98965D21EA143C0051C2DD /* Extensions */,
				2B98965521E9E1050051C2DD /* View */,
				2B1D4C1A21D89348009F1E53 /* Coordinators */,
				2B5BC83D21CCA94D007C34DF /* Model */,
				2B5BC80421CB8245007C34DF /* AppDelegate.swift */,
				2B5BC80621CB8245007C34DF /* DocumentBrowserViewController.swift */,
				2B5BC80821CB8245007C34DF /* DocumentViewController.swift */,
				2B5BC80C21CB8245007C34DF /* Main.storyboard */,
				2B5BC80F21CB8246007C34DF /* Assets.xcassets */,
				2B5BC81121CB8246007C34DF /* LaunchScreen.storyboard */,
				2B5BC81421CB8246007C34DF /* Info.plist */,
			);
			path = SeePal;
			sourceTree = "<group>";
		};
		2B5BC81C21CB8246007C34DF /* SeePalTests */ = {
			isa = PBXGroup;
			children = (
				2B5BC81D21CB8246007C34DF /* SeePalTests.swift */,
				2B5BC81F21CB8246007C34DF /* Info.plist */,
			);
			path = SeePalTests;
			sourceTree = "<group>";
		};
		2B5BC82721CB8246007C34DF /* SeePalUITests */ = {
			isa = PBXGroup;
			children = (
				2B5BC82821CB8246007C34DF /* SeePalUITests.swift */,
				2B5BC82A21CB8246007C34DF /* Info.plist */,
			);
			path = SeePalUITests;
			sourceTree = "<group>";
		};
		2B5BC83D21CCA94D007C34DF /* Model */ = {
			isa = PBXGroup;
			children = (
				2B5BC83E21CCA94D007C34DF /* DocumentFactory.swift */,
				2B5BC80A21CB8245007C34DF /* Document.swift */,
				2B98965621E9E6EE0051C2DD /* CompressedDocument.swift */,
				2B98965B21E9F1140051C2DD /* Page.swift */,
				2B98966221EA2CBF0051C2DD /* PageData.swift */,
			);
			path = Model;
			sourceTree = "<group>";
		};
		2B98965521E9E1050051C2DD /* View */ = {
			isa = PBXGroup;
			children = (
				2B98965E21EA14870051C2DD /* DocumentView.swift */,
				2B98966021EA1BC90051C2DD /* PageView.swift */,
			);
			path = View;
			sourceTree = "<group>";
		};
		2B98965D21EA143C0051C2DD /* Extensions */ = {
			isa = PBXGroup;
			children = (
			);
			path = Extensions;
			sourceTree = "<group>";
		};
		2B98966421EB42030051C2DD /* Utils */ = {
			isa = PBXGroup;
			children = (
				2B98966521EB42110051C2DD /* Utils.swift */,
			);
			path = Utils;
			sourceTree = "<group>";
		};
		849269CEFFFBD7A8410E37CB /* Frameworks */ = {
			isa = PBXGroup;
			children = (
				2B1D4C1721D890BC009F1E53 /* Pods_SeePal.framework */,
			);
			name = Frameworks;
			sourceTree = "<group>";
		};
		E10172AECC1D797BCF9F0125 /* Pods */ = {
			isa = PBXGroup;
			children = (
				8E941D7B0C2EA41A3F85BC9C /* Pods-SeePal.debug.xcconfig */,
				B6DC151563F1F8A1C1310B62 /* Pods-SeePal.release.xcconfig */,
			);
			name = Pods;
			sourceTree = "<group>";
		};
/* End PBXGroup section */

/* Begin PBXNativeTarget section */
		2B5BC80021CB8245007C34DF /* SeePal */ = {
			isa = PBXNativeTarget;
			buildConfigurationList = 2B5BC82D21CB8246007C34DF /* Build configuration list for PBXNativeTarget "SeePal" */;
			buildPhases = (
				D179DD3A748E6250898B1B2F /* [CP] Check Pods Manifest.lock */,
				2B5BC7FD21CB8245007C34DF /* Sources */,
				2B5BC7FE21CB8245007C34DF /* Frameworks */,
				2B5BC7FF21CB8245007C34DF /* Resources */,
				F07BED91B5D162B0F72DECCA /* [CP] Embed Pods Frameworks */,
			);
			buildRules = (
			);
			dependencies = (
			);
			name = SeePal;
			productName = SeePal;
			productReference = 2B5BC80121CB8245007C34DF /* SeePal.app */;
			productType = "com.apple.product-type.application";
		};
		2B5BC81821CB8246007C34DF /* SeePalTests */ = {
			isa = PBXNativeTarget;
			buildConfigurationList = 2B5BC83021CB8246007C34DF /* Build configuration list for PBXNativeTarget "SeePalTests" */;
			buildPhases = (
				2B5BC81521CB8246007C34DF /* Sources */,
				2B5BC81621CB8246007C34DF /* Frameworks */,
				2B5BC81721CB8246007C34DF /* Resources */,
			);
			buildRules = (
			);
			dependencies = (
				2B5BC81B21CB8246007C34DF /* PBXTargetDependency */,
			);
			name = SeePalTests;
			productName = SeePalTests;
			productReference = 2B5BC81921CB8246007C34DF /* SeePalTests.xctest */;
			productType = "com.apple.product-type.bundle.unit-test";
		};
		2B5BC82321CB8246007C34DF /* SeePalUITests */ = {
			isa = PBXNativeTarget;
			buildConfigurationList = 2B5BC83321CB8246007C34DF /* Build configuration list for PBXNativeTarget "SeePalUITests" */;
			buildPhases = (
				2B5BC82021CB8246007C34DF /* Sources */,
				2B5BC82121CB8246007C34DF /* Frameworks */,
				2B5BC82221CB8246007C34DF /* Resources */,
			);
			buildRules = (
			);
			dependencies = (
				2B5BC82621CB8246007C34DF /* PBXTargetDependency */,
			);
			name = SeePalUITests;
			productName = SeePalUITests;
			productReference = 2B5BC82421CB8246007C34DF /* SeePalUITests.xctest */;
			productType = "com.apple.product-type.bundle.ui-testing";
		};
/* End PBXNativeTarget section */

/* Begin PBXProject section */
		2B5BC7F921CB8245007C34DF /* Project object */ = {
			isa = PBXProject;
			attributes = {
				LastSwiftUpdateCheck = 1010;
				LastUpgradeCheck = 1010;
				ORGANIZATIONNAME = "Gi Soo Hur";
				TargetAttributes = {
					2B5BC80021CB8245007C34DF = {
						CreatedOnToolsVersion = 10.1;
					};
					2B5BC81821CB8246007C34DF = {
						CreatedOnToolsVersion = 10.1;
						TestTargetID = 2B5BC80021CB8245007C34DF;
					};
					2B5BC82321CB8246007C34DF = {
						CreatedOnToolsVersion = 10.1;
						TestTargetID = 2B5BC80021CB8245007C34DF;
					};
				};
			};
			buildConfigurationList = 2B5BC7FC21CB8245007C34DF /* Build configuration list for PBXProject "SeePal" */;
			compatibilityVersion = "Xcode 9.3";
			developmentRegion = en;
			hasScannedForEncodings = 0;
			knownRegions = (
				en,
				Base,
			);
			mainGroup = 2B5BC7F821CB8245007C34DF;
			productRefGroup = 2B5BC80221CB8245007C34DF /* Products */;
			projectDirPath = "";
			projectRoot = "";
			targets = (
				2B5BC80021CB8245007C34DF /* SeePal */,
				2B5BC81821CB8246007C34DF /* SeePalTests */,
				2B5BC82321CB8246007C34DF /* SeePalUITests */,
			);
		};
/* End PBXProject section */

/* Begin PBXResourcesBuildPhase section */
		2B5BC7FF21CB8245007C34DF /* Resources */ = {
			isa = PBXResourcesBuildPhase;
			buildActionMask = 2147483647;
			files = (
				2B5BC81321CB8246007C34DF /* LaunchScreen.storyboard in Resources */,
				2B5BC81021CB8246007C34DF /* Assets.xcassets in Resources */,
				2B5BC80E21CB8245007C34DF /* Main.storyboard in Resources */,
			);
			runOnlyForDeploymentPostprocessing = 0;
		};
		2B5BC81721CB8246007C34DF /* Resources */ = {
			isa = PBXResourcesBuildPhase;
			buildActionMask = 2147483647;
			files = (
			);
			runOnlyForDeploymentPostprocessing = 0;
		};
		2B5BC82221CB8246007C34DF /* Resources */ = {
			isa = PBXResourcesBuildPhase;
			buildActionMask = 2147483647;
			files = (
			);
			runOnlyForDeploymentPostprocessing = 0;
		};
/* End PBXResourcesBuildPhase section */

/* Begin PBXShellScriptBuildPhase section */
		D179DD3A748E6250898B1B2F /* [CP] Check Pods Manifest.lock */ = {
			isa = PBXShellScriptBuildPhase;
			buildActionMask = 2147483647;
			files = (
			);
			inputFileListPaths = (
			);
			inputPaths = (
				"${PODS_PODFILE_DIR_PATH}/Podfile.lock",
				"${PODS_ROOT}/Manifest.lock",
			);
			name = "[CP] Check Pods Manifest.lock";
			outputFileListPaths = (
			);
			outputPaths = (
				"$(DERIVED_FILE_DIR)/Pods-SeePal-checkManifestLockResult.txt",
			);
			runOnlyForDeploymentPostprocessing = 0;
			shellPath = /bin/sh;
			shellScript = "diff \"${PODS_PODFILE_DIR_PATH}/Podfile.lock\" \"${PODS_ROOT}/Manifest.lock\" > /dev/null\nif [ $? != 0 ] ; then\n    # print error to STDERR\n    echo \"error: The sandbox is not in sync with the Podfile.lock. Run 'pod install' or update your CocoaPods installation.\" >&2\n    exit 1\nfi\n# This output is used by Xcode 'outputs' to avoid re-running this script phase.\necho \"SUCCESS\" > \"${SCRIPT_OUTPUT_FILE_0}\"\n";
			showEnvVarsInLog = 0;
		};
		F07BED91B5D162B0F72DECCA /* [CP] Embed Pods Frameworks */ = {
			isa = PBXShellScriptBuildPhase;
			buildActionMask = 2147483647;
			files = (
			);
			inputFileListPaths = (
			);
			inputPaths = (
				"${SRCROOT}/Pods/Target Support Files/Pods-SeePal/Pods-SeePal-frameworks.sh",
				"${BUILT_PRODUCTS_DIR}/CircleMenu/CircleMenu.framework",
				"${BUILT_PRODUCTS_DIR}/UIImageViewAlignedSwift/UIImageViewAlignedSwift.framework",
				"${BUILT_PRODUCTS_DIR}/ZIPFoundation/ZIPFoundation.framework",
			);
			name = "[CP] Embed Pods Frameworks";
			outputFileListPaths = (
			);
			outputPaths = (
				"${TARGET_BUILD_DIR}/${FRAMEWORKS_FOLDER_PATH}/CircleMenu.framework",
				"${TARGET_BUILD_DIR}/${FRAMEWORKS_FOLDER_PATH}/UIImageViewAlignedSwift.framework",
				"${TARGET_BUILD_DIR}/${FRAMEWORKS_FOLDER_PATH}/ZIPFoundation.framework",
			);
			runOnlyForDeploymentPostprocessing = 0;
			shellPath = /bin/sh;
			shellScript = "\"${SRCROOT}/Pods/Target Support Files/Pods-SeePal/Pods-SeePal-frameworks.sh\"\n";
			showEnvVarsInLog = 0;
		};
/* End PBXShellScriptBuildPhase section */

/* Begin PBXSourcesBuildPhase section */
		2B5BC7FD21CB8245007C34DF /* Sources */ = {
			isa = PBXSourcesBuildPhase;
			buildActionMask = 2147483647;
			files = (
				2B5BC80921CB8245007C34DF /* DocumentViewController.swift in Sources */,
				2B5BC83F21CCA94D007C34DF /* DocumentFactory.swift in Sources */,
				2B98966321EA2CBF0051C2DD /* PageData.swift in Sources */,
				2B98965821E9E8520051C2DD /* Document.swift in Sources */,
				2B5BC80721CB8245007C34DF /* DocumentBrowserViewController.swift in Sources */,
				2B98965C21E9F1140051C2DD /* Page.swift in Sources */,
				2B5BC80521CB8245007C34DF /* AppDelegate.swift in Sources */,
				2B98966621EB42110051C2DD /* Utils.swift in Sources */,
				2B98965721E9E6EE0051C2DD /* CompressedDocument.swift in Sources */,
				2B98966121EA1BC90051C2DD /* PageView.swift in Sources */,
				2B98965F21EA14870051C2DD /* DocumentView.swift in Sources */,
			);
			runOnlyForDeploymentPostprocessing = 0;
		};
		2B5BC81521CB8246007C34DF /* Sources */ = {
			isa = PBXSourcesBuildPhase;
			buildActionMask = 2147483647;
			files = (
				2B5BC81E21CB8246007C34DF /* SeePalTests.swift in Sources */,
			);
			runOnlyForDeploymentPostprocessing = 0;
		};
		2B5BC82021CB8246007C34DF /* Sources */ = {
			isa = PBXSourcesBuildPhase;
			buildActionMask = 2147483647;
			files = (
				2B5BC82921CB8246007C34DF /* SeePalUITests.swift in Sources */,
			);
			runOnlyForDeploymentPostprocessing = 0;
		};
/* End PBXSourcesBuildPhase section */

/* Begin PBXTargetDependency section */
		2B5BC81B21CB8246007C34DF /* PBXTargetDependency */ = {
			isa = PBXTargetDependency;
			target = 2B5BC80021CB8245007C34DF /* SeePal */;
			targetProxy = 2B5BC81A21CB8246007C34DF /* PBXContainerItemProxy */;
		};
		2B5BC82621CB8246007C34DF /* PBXTargetDependency */ = {
			isa = PBXTargetDependency;
			target = 2B5BC80021CB8245007C34DF /* SeePal */;
			targetProxy = 2B5BC82521CB8246007C34DF /* PBXContainerItemProxy */;
		};
/* End PBXTargetDependency section */

/* Begin PBXVariantGroup section */
		2B5BC80C21CB8245007C34DF /* Main.storyboard */ = {
			isa = PBXVariantGroup;
			children = (
				2B5BC80D21CB8245007C34DF /* Base */,
			);
			name = Main.storyboard;
			sourceTree = "<group>";
		};
		2B5BC81121CB8246007C34DF /* LaunchScreen.storyboard */ = {
			isa = PBXVariantGroup;
			children = (
				2B5BC81221CB8246007C34DF /* Base */,
			);
			name = LaunchScreen.storyboard;
			sourceTree = "<group>";
		};
/* End PBXVariantGroup section */

/* Begin XCBuildConfiguration section */
		2B5BC82B21CB8246007C34DF /* Debug */ = {
			isa = XCBuildConfiguration;
			buildSettings = {
				ALWAYS_SEARCH_USER_PATHS = NO;
				CLANG_ANALYZER_NONNULL = YES;
				CLANG_ANALYZER_NUMBER_OBJECT_CONVERSION = YES_AGGRESSIVE;
				CLANG_CXX_LANGUAGE_STANDARD = "gnu++14";
				CLANG_CXX_LIBRARY = "libc++";
				CLANG_ENABLE_MODULES = YES;
				CLANG_ENABLE_OBJC_ARC = YES;
				CLANG_ENABLE_OBJC_WEAK = YES;
				CLANG_WARN_BLOCK_CAPTURE_AUTORELEASING = YES;
				CLANG_WARN_BOOL_CONVERSION = YES;
				CLANG_WARN_COMMA = YES;
				CLANG_WARN_CONSTANT_CONVERSION = YES;
				CLANG_WARN_DEPRECATED_OBJC_IMPLEMENTATIONS = YES;
				CLANG_WARN_DIRECT_OBJC_ISA_USAGE = YES_ERROR;
				CLANG_WARN_DOCUMENTATION_COMMENTS = YES;
				CLANG_WARN_EMPTY_BODY = YES;
				CLANG_WARN_ENUM_CONVERSION = YES;
				CLANG_WARN_INFINITE_RECURSION = YES;
				CLANG_WARN_INT_CONVERSION = YES;
				CLANG_WARN_NON_LITERAL_NULL_CONVERSION = YES;
				CLANG_WARN_OBJC_IMPLICIT_RETAIN_SELF = YES;
				CLANG_WARN_OBJC_LITERAL_CONVERSION = YES;
				CLANG_WARN_OBJC_ROOT_CLASS = YES_ERROR;
				CLANG_WARN_RANGE_LOOP_ANALYSIS = YES;
				CLANG_WARN_STRICT_PROTOTYPES = YES;
				CLANG_WARN_SUSPICIOUS_MOVE = YES;
				CLANG_WARN_UNGUARDED_AVAILABILITY = YES_AGGRESSIVE;
				CLANG_WARN_UNREACHABLE_CODE = YES;
				CLANG_WARN__DUPLICATE_METHOD_MATCH = YES;
				CODE_SIGN_IDENTITY = "iPhone Developer";
				COPY_PHASE_STRIP = NO;
				DEBUG_INFORMATION_FORMAT = dwarf;
				ENABLE_STRICT_OBJC_MSGSEND = YES;
				ENABLE_TESTABILITY = YES;
				GCC_C_LANGUAGE_STANDARD = gnu11;
				GCC_DYNAMIC_NO_PIC = NO;
				GCC_NO_COMMON_BLOCKS = YES;
				GCC_OPTIMIZATION_LEVEL = 0;
				GCC_PREPROCESSOR_DEFINITIONS = (
					"DEBUG=1",
					"$(inherited)",
				);
				GCC_WARN_64_TO_32_BIT_CONVERSION = YES;
				GCC_WARN_ABOUT_RETURN_TYPE = YES_ERROR;
				GCC_WARN_UNDECLARED_SELECTOR = YES;
				GCC_WARN_UNINITIALIZED_AUTOS = YES_AGGRESSIVE;
				GCC_WARN_UNUSED_FUNCTION = YES;
				GCC_WARN_UNUSED_VARIABLE = YES;
				IPHONEOS_DEPLOYMENT_TARGET = 12.1;
				MTL_ENABLE_DEBUG_INFO = INCLUDE_SOURCE;
				MTL_FAST_MATH = YES;
				ONLY_ACTIVE_ARCH = YES;
				SDKROOT = iphoneos;
				SWIFT_ACTIVE_COMPILATION_CONDITIONS = DEBUG;
				SWIFT_OPTIMIZATION_LEVEL = "-Onone";
			};
			name = Debug;
		};
		2B5BC82C21CB8246007C34DF /* Release */ = {
			isa = XCBuildConfiguration;
			buildSettings = {
				ALWAYS_SEARCH_USER_PATHS = NO;
				CLANG_ANALYZER_NONNULL = YES;
				CLANG_ANALYZER_NUMBER_OBJECT_CONVERSION = YES_AGGRESSIVE;
				CLANG_CXX_LANGUAGE_STANDARD = "gnu++14";
				CLANG_CXX_LIBRARY = "libc++";
				CLANG_ENABLE_MODULES = YES;
				CLANG_ENABLE_OBJC_ARC = YES;
				CLANG_ENABLE_OBJC_WEAK = YES;
				CLANG_WARN_BLOCK_CAPTURE_AUTORELEASING = YES;
				CLANG_WARN_BOOL_CONVERSION = YES;
				CLANG_WARN_COMMA = YES;
				CLANG_WARN_CONSTANT_CONVERSION = YES;
				CLANG_WARN_DEPRECATED_OBJC_IMPLEMENTATIONS = YES;
				CLANG_WARN_DIRECT_OBJC_ISA_USAGE = YES_ERROR;
				CLANG_WARN_DOCUMENTATION_COMMENTS = YES;
				CLANG_WARN_EMPTY_BODY = YES;
				CLANG_WARN_ENUM_CONVERSION = YES;
				CLANG_WARN_INFINITE_RECURSION = YES;
				CLANG_WARN_INT_CONVERSION = YES;
				CLANG_WARN_NON_LITERAL_NULL_CONVERSION = YES;
				CLANG_WARN_OBJC_IMPLICIT_RETAIN_SELF = YES;
				CLANG_WARN_OBJC_LITERAL_CONVERSION = YES;
				CLANG_WARN_OBJC_ROOT_CLASS = YES_ERROR;
				CLANG_WARN_RANGE_LOOP_ANALYSIS = YES;
				CLANG_WARN_STRICT_PROTOTYPES = YES;
				CLANG_WARN_SUSPICIOUS_MOVE = YES;
				CLANG_WARN_UNGUARDED_AVAILABILITY = YES_AGGRESSIVE;
				CLANG_WARN_UNREACHABLE_CODE = YES;
				CLANG_WARN__DUPLICATE_METHOD_MATCH = YES;
				CODE_SIGN_IDENTITY = "iPhone Developer";
				COPY_PHASE_STRIP = NO;
				DEBUG_INFORMATION_FORMAT = "dwarf-with-dsym";
				ENABLE_NS_ASSERTIONS = NO;
				ENABLE_STRICT_OBJC_MSGSEND = YES;
				GCC_C_LANGUAGE_STANDARD = gnu11;
				GCC_NO_COMMON_BLOCKS = YES;
				GCC_WARN_64_TO_32_BIT_CONVERSION = YES;
				GCC_WARN_ABOUT_RETURN_TYPE = YES_ERROR;
				GCC_WARN_UNDECLARED_SELECTOR = YES;
				GCC_WARN_UNINITIALIZED_AUTOS = YES_AGGRESSIVE;
				GCC_WARN_UNUSED_FUNCTION = YES;
				GCC_WARN_UNUSED_VARIABLE = YES;
				IPHONEOS_DEPLOYMENT_TARGET = 12.1;
				MTL_ENABLE_DEBUG_INFO = NO;
				MTL_FAST_MATH = YES;
				SDKROOT = iphoneos;
				SWIFT_COMPILATION_MODE = wholemodule;
				SWIFT_OPTIMIZATION_LEVEL = "-O";
				VALIDATE_PRODUCT = YES;
			};
			name = Release;
		};
		2B5BC82E21CB8246007C34DF /* Debug */ = {
			isa = XCBuildConfiguration;
			baseConfigurationReference = 8E941D7B0C2EA41A3F85BC9C /* Pods-SeePal.debug.xcconfig */;
			buildSettings = {
				ASSETCATALOG_COMPILER_APPICON_NAME = AppIcon;
				CODE_SIGN_STYLE = Automatic;
				DEVELOPMENT_TEAM = CUBVJ84P3Y;
				FRAMEWORK_SEARCH_PATHS = (
					"$(inherited)",
					"\"${PODS_CONFIGURATION_BUILD_DIR}/RxAtomic\"",
					"\"${PODS_CONFIGURATION_BUILD_DIR}/RxCocoa\"",
					"\"${PODS_CONFIGURATION_BUILD_DIR}/RxSwift\"",
					"\"${PODS_CONFIGURATION_BUILD_DIR}/rx-coordinator\"",
					"\"$(SRCROOT)/\"/**",
				);
				INFOPLIST_FILE = SeePal/Info.plist;
				IPHONEOS_DEPLOYMENT_TARGET = 11.0;
				LD_RUNPATH_SEARCH_PATHS = (
					"$(inherited)",
					"@executable_path/Frameworks",
				);
				PRODUCT_BUNDLE_IDENTIFIER = kr.co.comicpal.SeePal;
				PRODUCT_NAME = "$(TARGET_NAME)";
				SWIFT_VERSION = 4.2;
				TARGETED_DEVICE_FAMILY = "1,2";
			};
			name = Debug;
		};
		2B5BC82F21CB8246007C34DF /* Release */ = {
			isa = XCBuildConfiguration;
			baseConfigurationReference = B6DC151563F1F8A1C1310B62 /* Pods-SeePal.release.xcconfig */;
			buildSettings = {
				ASSETCATALOG_COMPILER_APPICON_NAME = AppIcon;
				CODE_SIGN_STYLE = Automatic;
				DEVELOPMENT_TEAM = CUBVJ84P3Y;
				FRAMEWORK_SEARCH_PATHS = (
					"$(inherited)",
					"\"${PODS_CONFIGURATION_BUILD_DIR}/RxAtomic\"",
					"\"${PODS_CONFIGURATION_BUILD_DIR}/RxCocoa\"",
					"\"${PODS_CONFIGURATION_BUILD_DIR}/RxSwift\"",
					"\"${PODS_CONFIGURATION_BUILD_DIR}/rx-coordinator\"",
					"\"$(SRCROOT)/\"/**",
				);
				INFOPLIST_FILE = SeePal/Info.plist;
				IPHONEOS_DEPLOYMENT_TARGET = 11.0;
				LD_RUNPATH_SEARCH_PATHS = (
					"$(inherited)",
					"@executable_path/Frameworks",
				);
				PRODUCT_BUNDLE_IDENTIFIER = kr.co.comicpal.SeePal;
				PRODUCT_NAME = "$(TARGET_NAME)";
				SWIFT_VERSION = 4.2;
				TARGETED_DEVICE_FAMILY = "1,2";
			};
			name = Release;
		};
		2B5BC83121CB8246007C34DF /* Debug */ = {
			isa = XCBuildConfiguration;
			buildSettings = {
				ALWAYS_EMBED_SWIFT_STANDARD_LIBRARIES = YES;
				BUNDLE_LOADER = "$(TEST_HOST)";
				CODE_SIGN_STYLE = Automatic;
				DEVELOPMENT_TEAM = CUBVJ84P3Y;
				INFOPLIST_FILE = SeePalTests/Info.plist;
				LD_RUNPATH_SEARCH_PATHS = (
					"$(inherited)",
					"@executable_path/Frameworks",
					"@loader_path/Frameworks",
				);
				PRODUCT_BUNDLE_IDENTIFIER = kr.co.comicpal.SeePalTests;
				PRODUCT_NAME = "$(TARGET_NAME)";
				SWIFT_VERSION = 4.2;
				TARGETED_DEVICE_FAMILY = "1,2";
				TEST_HOST = "$(BUILT_PRODUCTS_DIR)/SeePal.app/SeePal";
			};
			name = Debug;
		};
		2B5BC83221CB8246007C34DF /* Release */ = {
			isa = XCBuildConfiguration;
			buildSettings = {
				ALWAYS_EMBED_SWIFT_STANDARD_LIBRARIES = YES;
				BUNDLE_LOADER = "$(TEST_HOST)";
				CODE_SIGN_STYLE = Automatic;
				DEVELOPMENT_TEAM = CUBVJ84P3Y;
				INFOPLIST_FILE = SeePalTests/Info.plist;
				LD_RUNPATH_SEARCH_PATHS = (
					"$(inherited)",
					"@executable_path/Frameworks",
					"@loader_path/Frameworks",
				);
				PRODUCT_BUNDLE_IDENTIFIER = kr.co.comicpal.SeePalTests;
				PRODUCT_NAME = "$(TARGET_NAME)";
				SWIFT_VERSION = 4.2;
				TARGETED_DEVICE_FAMILY = "1,2";
				TEST_HOST = "$(BUILT_PRODUCTS_DIR)/SeePal.app/SeePal";
			};
			name = Release;
		};
		2B5BC83421CB8246007C34DF /* Debug */ = {
			isa = XCBuildConfiguration;
			buildSettings = {
				ALWAYS_EMBED_SWIFT_STANDARD_LIBRARIES = YES;
				CODE_SIGN_STYLE = Automatic;
				DEVELOPMENT_TEAM = CUBVJ84P3Y;
				INFOPLIST_FILE = SeePalUITests/Info.plist;
				LD_RUNPATH_SEARCH_PATHS = (
					"$(inherited)",
					"@executable_path/Frameworks",
					"@loader_path/Frameworks",
				);
				PRODUCT_BUNDLE_IDENTIFIER = kr.co.comicpal.SeePalUITests;
				PRODUCT_NAME = "$(TARGET_NAME)";
				SWIFT_VERSION = 4.2;
				TARGETED_DEVICE_FAMILY = "1,2";
				TEST_TARGET_NAME = SeePal;
			};
			name = Debug;
		};
		2B5BC83521CB8246007C34DF /* Release */ = {
			isa = XCBuildConfiguration;
			buildSettings = {
				ALWAYS_EMBED_SWIFT_STANDARD_LIBRARIES = YES;
				CODE_SIGN_STYLE = Automatic;
				DEVELOPMENT_TEAM = CUBVJ84P3Y;
				INFOPLIST_FILE = SeePalUITests/Info.plist;
				LD_RUNPATH_SEARCH_PATHS = (
					"$(inherited)",
					"@executable_path/Frameworks",
					"@loader_path/Frameworks",
				);
				PRODUCT_BUNDLE_IDENTIFIER = kr.co.comicpal.SeePalUITests;
				PRODUCT_NAME = "$(TARGET_NAME)";
				SWIFT_VERSION = 4.2;
				TARGETED_DEVICE_FAMILY = "1,2";
				TEST_TARGET_NAME = SeePal;
			};
			name = Release;
		};
/* End XCBuildConfiguration section */

/* Begin XCConfigurationList section */
		2B5BC7FC21CB8245007C34DF /* Build configuration list for PBXProject "SeePal" */ = {
			isa = XCConfigurationList;
			buildConfigurations = (
				2B5BC82B21CB8246007C34DF /* Debug */,
				2B5BC82C21CB8246007C34DF /* Release */,
			);
			defaultConfigurationIsVisible = 0;
			defaultConfigurationName = Release;
		};
		2B5BC82D21CB8246007C34DF /* Build configuration list for PBXNativeTarget "SeePal" */ = {
			isa = XCConfigurationList;
			buildConfigurations = (
				2B5BC82E21CB8246007C34DF /* Debug */,
				2B5BC82F21CB8246007C34DF /* Release */,
			);
			defaultConfigurationIsVisible = 0;
			defaultConfigurationName = Release;
		};
		2B5BC83021CB8246007C34DF /* Build configuration list for PBXNativeTarget "SeePalTests" */ = {
			isa = XCConfigurationList;
			buildConfigurations = (
				2B5BC83121CB8246007C34DF /* Debug */,
				2B5BC83221CB8246007C34DF /* Release */,
			);
			defaultConfigurationIsVisible = 0;
			defaultConfigurationName = Release;
		};
		2B5BC83321CB8246007C34DF /* Build configuration list for PBXNativeTarget "SeePalUITests" */ = {
			isa = XCConfigurationList;
			buildConfigurations = (
				2B5BC83421CB8246007C34DF /* Debug */,
				2B5BC83521CB8246007C34DF /* Release */,
			);
			defaultConfigurationIsVisible = 0;
			defaultConfigurationName = Release;
		};
/* End XCConfigurationList section */
	};
	rootObject = 2B5BC7F921CB8245007C34DF /* Project object */;
}
